
Microsoft Visual Studio Solution File, Format Version 12.00
# Visual Studio Version 17
VisualStudioVersion = 17.7.34221.43
MinimumVisualStudioVersion = 10.0.40219.1
Project("{9A19103F-16F7-4668-BE54-9A1E7A4F7556}") = "CKK.Logic", "CKK.Logic\CKK.Logic.csproj", "{46E269F1-FEF0-4648-B8B1-4DB18D8C6BE6}"
EndProject
Project("{FAE04EC0-301F-11D3-BF4B-00C04F79EFBC}") = "TestProject1", "TestProject1\TestProject1.csproj", "{613436CC-67A9-49E8-8CF6-FA40E31790DA}"
EndProject
Global
	GlobalSection(SolutionConfigurationPlatforms) = preSolution
		Debug|Any CPU = Debug|Any CPU
		Release|Any CPU = Release|Any CPU
	EndGlobalSection
	GlobalSection(ProjectConfigurationPlatforms) = postSolution
		{46E269F1-FEF0-4648-B8B1-4DB18D8C6BE6}.Debug|Any CPU.ActiveCfg = Debug|Any CPU
		{46E269F1-FEF0-4648-B8B1-4DB18D8C6BE6}.Debug|Any CPU.Build.0 = Debug|Any CPU
		{46E269F1-FEF0-4648-B8B1-4DB18D8C6BE6}.Release|Any CPU.ActiveCfg = Release|Any CPU
		{46E269F1-FEF0-4648-B8B1-4DB18D8C6BE6}.Release|Any CPU.Build.0 = Release|Any CPU
		{613436CC-67A9-49E8-8CF6-FA40E31790DA}.Debug|Any CPU.ActiveCfg = Debug|Any CPU
		{613436CC-67A9-49E8-8CF6-FA40E31790DA}.Debug|Any CPU.Build.0 = Debug|Any CPU
		{613436CC-67A9-49E8-8CF6-FA40E31790DA}.Release|Any CPU.ActiveCfg = Release|Any CPU
		{613436CC-67A9-49E8-8CF6-FA40E31790DA}.Release|Any CPU.Build.0 = Release|Any CPU
	EndGlobalSection
	GlobalSection(SolutionProperties) = preSolution
		HideSolutionNode = FALSE
	EndGlobalSection
	GlobalSection(ExtensibilityGlobals) = postSolution
		SolutionGuid = {7CA7DE0D-9B1C-4A3C-B5A6-E924E01E23B1}
	EndGlobalSection
EndGlobal
